
Microsoft Visual Studio Solution File, Format Version 12.00
# Visual Studio Version 16
VisualStudioVersion = 16.0.29001.49
MinimumVisualStudioVersion = 10.0.40219.1
Project("{F184B08F-C81C-45F6-A57F-5ABD9991F28F}") = "FalconX3", "FalconX3\FalconX3.vbproj", "{713A5A16-9938-414A-B2D3-161BE391A6C2}"
EndProject
Global
	GlobalSection(SolutionConfigurationPlatforms) = preSolution
		Debug|Any CPU = Debug|Any CPU
		Release|Any CPU = Release|Any CPU
	EndGlobalSection
	GlobalSection(ProjectConfigurationPlatforms) = postSolution
		{713A5A16-9938-414A-B2D3-161BE391A6C2}.Debug|Any CPU.ActiveCfg = Debug|Any CPU
		{713A5A16-9938-414A-B2D3-161BE391A6C2}.Debug|Any CPU.Build.0 = Debug|Any CPU
		{713A5A16-9938-414A-B2D3-161BE391A6C2}.Release|Any CPU.ActiveCfg = Release|Any CPU
		{713A5A16-9938-414A-B2D3-161BE391A6C2}.Release|Any CPU.Build.0 = Release|Any CPU
	EndGlobalSection
	GlobalSection(SolutionProperties) = preSolution
		HideSolutionNode = FALSE
	EndGlobalSection
	GlobalSection(ExtensibilityGlobals) = postSolution
		SolutionGuid = {0FD336DB-0186-4D0A-B48E-783313D870E3}
	EndGlobalSection
EndGlobal
