
Microsoft Visual Studio Solution File, Format Version 12.00
# Visual Studio Version 16
VisualStudioVersion = 16.0.29503.13
MinimumVisualStudioVersion = 10.0.40219.1
Project("{F184B08F-C81C-45F6-A57F-5ABD9991F28F}") = "TaskbarX", "TaskbarX\TaskbarX.vbproj", "{280F29CB-27F8-41FA-8111-21E6916583FD}"
EndProject
Global
	GlobalSection(SolutionConfigurationPlatforms) = preSolution
		Debug|Any CPU = Debug|Any CPU
		Release|Any CPU = Release|Any CPU
	EndGlobalSection
	GlobalSection(ProjectConfigurationPlatforms) = postSolution
		{280F29CB-27F8-41FA-8111-21E6916583FD}.Debug|Any CPU.ActiveCfg = Debug|Any CPU
		{280F29CB-27F8-41FA-8111-21E6916583FD}.Debug|Any CPU.Build.0 = Debug|Any CPU
		{280F29CB-27F8-41FA-8111-21E6916583FD}.Release|Any CPU.ActiveCfg = Release|Any CPU
		{280F29CB-27F8-41FA-8111-21E6916583FD}.Release|Any CPU.Build.0 = Release|Any CPU
	EndGlobalSection
	GlobalSection(SolutionProperties) = preSolution
		HideSolutionNode = FALSE
	EndGlobalSection
	GlobalSection(ExtensibilityGlobals) = postSolution
		SolutionGuid = {4A800EE9-8779-4772-A980-51ECC0F9AAB6}
	EndGlobalSection
EndGlobal
