
Microsoft Visual Studio Solution File, Format Version 12.00
# Visual Studio Version 16
VisualStudioVersion = 16.0.29721.120
MinimumVisualStudioVersion = 10.0.40219.1
Project("{F184B08F-C81C-45F6-A57F-5ABD9991F28F}") = "TaskbarX Configurator", "TaskbarX Configurator\TaskbarX Configurator.vbproj", "{5CF5F948-095F-4D25-AEB7-2AC2FADB4767}"
EndProject
Global
	GlobalSection(SolutionConfigurationPlatforms) = preSolution
		Debug|Any CPU = Debug|Any CPU
		Release|Any CPU = Release|Any CPU
	EndGlobalSection
	GlobalSection(ProjectConfigurationPlatforms) = postSolution
		{5CF5F948-095F-4D25-AEB7-2AC2FADB4767}.Debug|Any CPU.ActiveCfg = Debug|Any CPU
		{5CF5F948-095F-4D25-AEB7-2AC2FADB4767}.Debug|Any CPU.Build.0 = Debug|Any CPU
		{5CF5F948-095F-4D25-AEB7-2AC2FADB4767}.Release|Any CPU.ActiveCfg = Release|Any CPU
		{5CF5F948-095F-4D25-AEB7-2AC2FADB4767}.Release|Any CPU.Build.0 = Release|Any CPU
	EndGlobalSection
	GlobalSection(SolutionProperties) = preSolution
		HideSolutionNode = FALSE
	EndGlobalSection
	GlobalSection(ExtensibilityGlobals) = postSolution
		SolutionGuid = {D26B6D7A-7DF0-4DD3-A4C7-50BFB0409100}
	EndGlobalSection
EndGlobal
